
Microsoft Visual Studio Solution File, Format Version 12.00
# Visual Studio 15
Project("{FAE04EC0-301F-11D3-BF4B-00C04F79EFBC}") = "aut2", "aut2\aut2.csproj", "{46A394E9-05EE-4E5F-A5C3-77168390CD56}"
EndProject
Global
	GlobalSection(SolutionConfigurationPlatforms) = preSolution
		Debug|Any CPU = Debug|Any CPU
		Release|Any CPU = Release|Any CPU
	EndGlobalSection
	GlobalSection(ProjectConfigurationPlatforms) = postSolution
		{46A394E9-05EE-4E5F-A5C3-77168390CD56}.Debug|Any CPU.ActiveCfg = Debug|Any CPU
		{46A394E9-05EE-4E5F-A5C3-77168390CD56}.Debug|Any CPU.Build.0 = Debug|Any CPU
		{46A394E9-05EE-4E5F-A5C3-77168390CD56}.Release|Any CPU.ActiveCfg = Release|Any CPU
		{46A394E9-05EE-4E5F-A5C3-77168390CD56}.Release|Any CPU.Build.0 = Release|Any CPU
	EndGlobalSection
EndGlobal
